
Microsoft Visual Studio Solution File, Format Version 12.00
# Visual Studio 2013
VisualStudioVersion = 12.0.30723.0
MinimumVisualStudioVersion = 10.0.40219.1
Project("{FAE04EC0-301F-11D3-BF4B-00C04F79EFBC}") = "MovieSPA", "MovieSPA.csproj", "{3E8634CC-6E44-4C17-994E-9E06A9D1380A}"
EndProject
Project("{2150E333-8FDC-42A3-9474-1A3956D46DE8}") = ".nuget", ".nuget", "{1A813445-C358-477F-80DB-5203F854EE64}"
	ProjectSection(SolutionItems) = preProject
		.nuget\NuGet.Config = .nuget\NuGet.Config
		.nuget\NuGet.exe = .nuget\NuGet.exe
	EndProjectSection
EndProject
Project("{FAE04EC0-301F-11D3-BF4B-00C04F79EFBC}") = "MoviesSPA.AZ", "..\MoviesSPA.AZ\MoviesSPA.AZ.csproj", "{3E80BAFD-94A8-4A61-BA04-AB638FB0F30F}"
EndProject
Project("{2150E333-8FDC-42A3-9474-1A3956D46DE8}") = "PublishScripts", "PublishScripts", "{5358244F-F362-4E8C-8D39-FEDCE00C9A93}"
	ProjectSection(SolutionItems) = preProject
		PublishScripts\AzureWebsitePublishModule.psm1 = PublishScripts\AzureWebsitePublishModule.psm1
		PublishScripts\Publish-WebApplicationWebsite.ps1 = PublishScripts\Publish-WebApplicationWebsite.ps1
	EndProjectSection
EndProject
Project("{2150E333-8FDC-42A3-9474-1A3956D46DE8}") = "Configurations", "Configurations", "{033A3E8B-E998-47CB-8655-48E56047532C}"
	ProjectSection(SolutionItems) = preProject
		PublishScripts\Configurations\MoviesSPAAZ-WAWS-dev.json = PublishScripts\Configurations\MoviesSPAAZ-WAWS-dev.json
	EndProjectSection
EndProject
Global
	GlobalSection(SolutionConfigurationPlatforms) = preSolution
		Debug|Any CPU = Debug|Any CPU
		Release|Any CPU = Release|Any CPU
	EndGlobalSection
	GlobalSection(ProjectConfigurationPlatforms) = postSolution
		{3E8634CC-6E44-4C17-994E-9E06A9D1380A}.Debug|Any CPU.ActiveCfg = Debug|Any CPU
		{3E8634CC-6E44-4C17-994E-9E06A9D1380A}.Debug|Any CPU.Build.0 = Debug|Any CPU
		{3E8634CC-6E44-4C17-994E-9E06A9D1380A}.Release|Any CPU.ActiveCfg = Release|Any CPU
		{3E8634CC-6E44-4C17-994E-9E06A9D1380A}.Release|Any CPU.Build.0 = Release|Any CPU
		{3E80BAFD-94A8-4A61-BA04-AB638FB0F30F}.Debug|Any CPU.ActiveCfg = Debug|Any CPU
		{3E80BAFD-94A8-4A61-BA04-AB638FB0F30F}.Debug|Any CPU.Build.0 = Debug|Any CPU
		{3E80BAFD-94A8-4A61-BA04-AB638FB0F30F}.Release|Any CPU.ActiveCfg = Release|Any CPU
		{3E80BAFD-94A8-4A61-BA04-AB638FB0F30F}.Release|Any CPU.Build.0 = Release|Any CPU
	EndGlobalSection
	GlobalSection(SolutionProperties) = preSolution
		HideSolutionNode = FALSE
	EndGlobalSection
	GlobalSection(NestedProjects) = preSolution
		{033A3E8B-E998-47CB-8655-48E56047532C} = {5358244F-F362-4E8C-8D39-FEDCE00C9A93}
	EndGlobalSection
EndGlobal
